github.com/asaskevich/govalidator v0.0.0-20200108200545-475eaeb16496 h1:zV3ejI06GQ59hwDQAvmK1qxOQGB3WuVTRoY0okPTAv0=
github.com/asaskevich/govalidator v0.0.0-20200108200545-475eaeb16496/go.mod h1:oGkLhpf+kjZl6xBf758TQhh5XrAeiJv/7FRz/2spLIg=
github.com/google/uuid v1.1.1 h1:Gkbcsh/GbpXz7lPftLA3P6TYMwjCLYm83jiFQZF/3gY=
github.com/google/uuid v1.1.1/go.mod h1:TIyPZe4MgqvfeYDBFedMoGGpEw/LqOeaOT+nhxU+yHo=
github.com/matryer/is v1.2.0 h1:92UTHpy8CDwaJ08GqLDzhhuixiBUUD1p3AU6PHddz4A=
github.com/matryer/is v1.2.0/go.mod h1:2fLPjFQM9rhQ15aVEtbuwhJinnOqrmgXPNdZsdwlWXA=
github.com/mattn/go-sqlite3 v2.0.2+incompatible h1:qzw9c2GNT8UFrgWNDhCTqRqYUSmu/Dav/9Z58LGpk7U=
github.com/mattn/go-sqlite3 v2.0.2+incompatible/go.mod h1:FPy6KqzDD04eiIsT53CuJW3U88zkxoIYsOqkbpncsNc=
github.com/mattn/go-sqlite3 v2.0.3+incompatible h1:gXHsfypPkaMZrKbD5209QV9jbUTJKjyR5WD3HYQSd+U=
github.com/mattn/go-sqlite3 v2.0.3+incompatible/go.mod h1:FPy6KqzDD04eiIsT53CuJW3U88zkxoIYsOqkbpncsNc=
gitlab.com/bloom42/bloom/common v0.0.0-20200208154903-c8d852f22b9e h1:iL52cJg4RpSbhY2m3k3f0TGF0y6rup0Mi+4r37Jgwbc=
gitlab.com/bloom42/bloom/common v0.0.0-20200208154903-c8d852f22b9e/go.mod h1:M3NdFzqmAMckusIM/SkcA8pKQHjtkOvtSC5aHV3DKDA=
gitlab.com/bloom42/bloom/common v0.0.0-20200305084938-bff1906b910a h1:chOVoiKCWX5O+NjOGuDzu7kCi3x/ces/SWaWBY4qJiI=
gitlab.com/bloom42/bloom/common v0.0.0-20200305084938-bff1906b910a/go.mod h1:7Bz22Y+YdnzIQK645baz3YjZSe0XVZdja/rCURhwxAw=
gitlab.com/bloom42/bloom/common v0.0.0-20200309140008-9ba51c024c2e h1:h0bu0KXuhkNINt+eEMNqN41Zu3+94H7yn930lbv+q/Y=
gitlab.com/bloom42/bloom/common v0.0.0-20200309140008-9ba51c024c2e/go.mod h1:7Bz22Y+YdnzIQK645baz3YjZSe0XVZdja/rCURhwxAw=
gitlab.com/bloom42/libs/graphql-go v0.0.0-20200208191728-7bd43a0d6cb0 h1:opp2gDzQvUvnCQO9MAxljNR/1fNu2AFEfk2239+PUtk=
gitlab.com/bloom42/libs/graphql-go v0.0.0-20200208191728-7bd43a0d6cb0/go.mod h1:VRuT0E/i08ZM8JGLWTiA9IupBLWbl8D+93af/LoLCeo=
gitlab.com/bloom42/libs/graphql-go v0.0.0-20200302110054-1cc05f095d21 h1:+zqu1nEm1uDXJscdbCwmz3OUdmQTFQoe7tczhVps/ck=
gitlab.com/bloom42/libs/graphql-go v0.0.0-20200302110054-1cc05f095d21/go.mod h1:VRuT0E/i08ZM8JGLWTiA9IupBLWbl8D+93af/LoLCeo=
gitlab.com/bloom42/libs/rz-go v1.3.0 h1:ex51jAhN1/tecDMAmyTrmDcjQxb2NKiVFnHpJSCw/GY=
gitlab.com/bloom42/libs/rz-go v1.3.0/go.mod h1:/G8JCs/z9FPn+XYJT9e52gj76clf4dk8tf2jbq1HCpQ=
golang.org/x/crypto v0.0.0-20190308221718-c2843e01d9a2/go.mod h1:djNgcEr1/C05ACkg1iLfiJU5Ep61QUkGW8qpdssI0+w=
golang.org/x/crypto v0.0.0-20200117160349-530e935923ad h1:Jh8cai0fqIK+f6nG0UgPW5wFk8wmiMhM3AyciDBdtQg=
golang.org/x/crypto v0.0.0-20200117160349-530e935923ad/go.mod h1:LzIPMQfyMNhhGPhUkYOs5KpL4U8rLKemX1yGLhDgUto=
golang.org/x/crypto v0.0.0-20200302210943-78000ba7a073 h1:xMPOj6Pz6UipU1wXLkrtqpHbR0AVFnyPEQq/wRWz9lM=
golang.org/x/crypto v0.0.0-20200302210943-78000ba7a073/go.mod h1:LzIPMQfyMNhhGPhUkYOs5KpL4U8rLKemX1yGLhDgUto=
golang.org/x/net v0.0.0-20190404232315-eb5bcb51f2a3/go.mod h1:t9HGtf8HONx5eT2rtn7q6eTqICYqUVnKs3thJo3Qplg=
golang.org/x/sys v0.0.0-20190215142949-d0b11bdaac8a/go.mod h1:STP8DvDyc/dI5b8T5hshtkjS+E42TnysNCUPdjciGhY=
golang.org/x/sys v0.0.0-20190412213103-97732733099d h1:+R4KGOnez64A81RvjARKc4UT5/tI9ujCIVX+P5KiHuI=
golang.org/x/sys v0.0.0-20190412213103-97732733099d/go.mod h1:h1NjWce9XRLGQEsW7wpKNCjG9DtNlClVuFLEZdDNbEs=
golang.org/x/sys v0.0.0-20200122134326-e047566fdf82 h1:ywK/j/KkyTHcdyYSZNXGjMwgmDSfjglYZ3vStQ/gSCU=
golang.org/x/sys v0.0.0-20200122134326-e047566fdf82/go.mod h1:h1NjWce9XRLGQEsW7wpKNCjG9DtNlClVuFLEZdDNbEs=
golang.org/x/sys v0.0.0-20200302150141-5c8b2ff67527 h1:uYVVQ9WP/Ds2ROhcaGPeIdVq0RIXVLwsHlnvJ+cT1So=
golang.org/x/sys v0.0.0-20200302150141-5c8b2ff67527/go.mod h1:h1NjWce9XRLGQEsW7wpKNCjG9DtNlClVuFLEZdDNbEs=
golang.org/x/text v0.3.0/go.mod h1:NqM8EUOU14njkJ3fqMW+pc6Ldnwhi/IjpwHt7yyuwOQ=
